<?xml version="1.0" encoding="UTF-8"?>
<!DOCTYPE plist PUBLIC "-//Apple//DTD PLIST 1.0//EN" "http://www.apple.com/DTDs/PropertyList-1.0.dtd">
<plist version="1.0">
<dict>
	<key>BuildNumber</key>
	<string>430000060</string>
	<key>BundleIdentifier</key>
	<string>com.barebones.bbedit</string>
	<key>HostIdentifier</key>
	<string>8825755C-D58C-5519-B4A1-C01794D12290</string>
	<key>HostName</key>
	<string>Roderick’s MacBook Pro (2)</string>
	<key>LockDate</key>
	<date>2025-07-23T19:28:57Z</date>
	<key>LockID</key>
	<string>456D07D8-1DDC-4B63-80E5-833DE83428A6</string>
	<key>MarketingVersion</key>
	<string>15.5</string>
	<key>NetworkVolume</key>
	<false/>
	<key>ProcessIdentifier</key>
	<integer>78341</integer>
	<key>UserName</key>
	<string>rpage</string>
	<key>Version</key>
	<integer>3</integer>
	<key>VolumeIdentifier</key>
	<string>873EA9CC-0BA5-4809-B6AC-214CBF1C3E36</string>
</dict>
</plist>
