<?xml version="1.0" encoding="UTF-8"?>
<!DOCTYPE plist PUBLIC "-//Apple//DTD PLIST 1.0//EN" "http://www.apple.com/DTDs/PropertyList-1.0.dtd">
<plist version="1.0">
<dict>
	<key>BuildNumber</key>
	<string>41800078</string>
	<key>BundleIdentifier</key>
	<string>com.barebones.bbedit</string>
	<key>HostIdentifier</key>
	<string>8825755C-D58C-5519-B4A1-C01794D12290</string>
	<key>HostName</key>
	<string>Roderick’s MacBook Pro</string>
	<key>LockDate</key>
	<date>2023-09-18T07:49:55Z</date>
	<key>LockID</key>
	<string>5129E21D-E07F-4471-9D72-9260502AAAEC</string>
	<key>MarketingVersion</key>
	<string>14.6.6</string>
	<key>NetworkVolume</key>
	<false/>
	<key>ProcessIdentifier</key>
	<integer>36176</integer>
	<key>UserName</key>
	<string>rpage</string>
	<key>Version</key>
	<integer>3</integer>
	<key>VolumeIdentifier</key>
	<string>C4F5E2A6-4641-4034-82A4-06C2EA6CE188</string>
</dict>
</plist>
